// !$*UTF8*$!
{
	archiveVersion = 1;
	classes = {
	};
	objectVersion = 56;
	objects = {

/* Begin PBXBuildFile section */
		49012ADD2940F1D400980404 /* AppleWatchGameApp.swift in Sources */ = {isa = PBXBuildFile; fileRef = 49012ADC2940F1D400980404 /* AppleWatchGameApp.swift */; };
		49012ADF2940F1D400980404 /* ContentView.swift in Sources */ = {isa = PBXBuildFile; fileRef = 49012ADE2940F1D400980404 /* ContentView.swift */; };
		49012AE12940F1D500980404 /* Assets.xcassets in Resources */ = {isa = PBXBuildFile; fileRef = 49012AE02940F1D500980404 /* Assets.xcassets */; };
		49012AE42940F1D500980404 /* Preview Assets.xcassets in Resources */ = {isa = PBXBuildFile; fileRef = 49012AE32940F1D500980404 /* Preview Assets.xcassets */; };
		49012AEE2940F1D500980404 /* AppleWatchGame_Watch_AppTests.swift in Sources */ = {isa = PBXBuildFile; fileRef = 49012AED2940F1D500980404 /* AppleWatchGame_Watch_AppTests.swift */; };
		49012AF82940F1D500980404 /* AppleWatchGame_Watch_AppUITests.swift in Sources */ = {isa = PBXBuildFile; fileRef = 49012AF72940F1D500980404 /* AppleWatchGame_Watch_AppUITests.swift */; };
		49012AFA2940F1D500980404 /* AppleWatchGame_Watch_AppUITestsLaunchTests.swift in Sources */ = {isa = PBXBuildFile; fileRef = 49012AF92940F1D500980404 /* AppleWatchGame_Watch_AppUITestsLaunchTests.swift */; };
		49012B082940F2CE00980404 /* BlockMatrix.swift in Sources */ = {isa = PBXBuildFile; fileRef = 49012B072940F2CE00980404 /* BlockMatrix.swift */; };
		49012B0A2940F2F700980404 /* GameLogic.swift in Sources */ = {isa = PBXBuildFile; fileRef = 49012B092940F2F700980404 /* GameLogic.swift */; };
		49012B0C2940F30E00980404 /* IdentifiedBlock.swift in Sources */ = {isa = PBXBuildFile; fileRef = 49012B0B2940F30E00980404 /* IdentifiedBlock.swift */; };
		49012B0F2940F33100980404 /* GameView.swift in Sources */ = {isa = PBXBuildFile; fileRef = 49012B0E2940F33100980404 /* GameView.swift */; };
		49012B112940F34600980404 /* BlockView.swift in Sources */ = {isa = PBXBuildFile; fileRef = 49012B102940F34600980404 /* BlockView.swift */; };
		49012B132940F35E00980404 /* BlockGridView.swift in Sources */ = {isa = PBXBuildFile; fileRef = 49012B122940F35E00980404 /* BlockGridView.swift */; };
		49012B162940F38500980404 /* FunctionalUtils.swift in Sources */ = {isa = PBXBuildFile; fileRef = 49012B152940F38500980404 /* FunctionalUtils.swift */; };
		49012B192940F3B400980404 /* SwiftUIExtensions.swift in Sources */ = {isa = PBXBuildFile; fileRef = 49012B182940F3B400980404 /* SwiftUIExtensions.swift */; };
		49012B5529428B0300980404 /* iOSGame2048App.swift in Sources */ = {isa = PBXBuildFile; fileRef = 49012B5429428B0300980404 /* iOSGame2048App.swift */; };
		49012B5729428B0300980404 /* ContentView.swift in Sources */ = {isa = PBXBuildFile; fileRef = 49012B5629428B0300980404 /* ContentView.swift */; };
		49012B5929428B0400980404 /* Assets.xcassets in Resources */ = {isa = PBXBuildFile; fileRef = 49012B5829428B0400980404 /* Assets.xcassets */; };
		49012B5C29428B0400980404 /* Preview Assets.xcassets in Resources */ = {isa = PBXBuildFile; fileRef = 49012B5B29428B0400980404 /* Preview Assets.xcassets */; };
		49012B6629428B0400980404 /* iOSGame2048Tests.swift in Sources */ = {isa = PBXBuildFile; fileRef = 49012B6529428B0400980404 /* iOSGame2048Tests.swift */; };
		49012B7029428B0400980404 /* iOSGame2048UITests.swift in Sources */ = {isa = PBXBuildFile; fileRef = 49012B6F29428B0400980404 /* iOSGame2048UITests.swift */; };
		49012B7229428B0400980404 /* iOSGame2048UITestsLaunchTests.swift in Sources */ = {isa = PBXBuildFile; fileRef = 49012B7129428B0400980404 /* iOSGame2048UITestsLaunchTests.swift */; };
		49012B7D29428B1E00980404 /* IdentifiedBlock.swift in Sources */ = {isa = PBXBuildFile; fileRef = 49012B0B2940F30E00980404 /* IdentifiedBlock.swift */; };
		49012B7E29428B2400980404 /* GameLogic.swift in Sources */ = {isa = PBXBuildFile; fileRef = 49012B092940F2F700980404 /* GameLogic.swift */; };
		49012B7F29428B2400980404 /* BlockMatrix.swift in Sources */ = {isa = PBXBuildFile; fileRef = 49012B072940F2CE00980404 /* BlockMatrix.swift */; };
		49012B8029428B3100980404 /* BlockView.swift in Sources */ = {isa = PBXBuildFile; fileRef = 49012B102940F34600980404 /* BlockView.swift */; };
		49012B8129428B3100980404 /* GameView.swift in Sources */ = {isa = PBXBuildFile; fileRef = 49012B0E2940F33100980404 /* GameView.swift */; };
		49012B8229428B3100980404 /* BlockGridView.swift in Sources */ = {isa = PBXBuildFile; fileRef = 49012B122940F35E00980404 /* BlockGridView.swift */; };
		49012B8329428B3500980404 /* FunctionalUtils.swift in Sources */ = {isa = PBXBuildFile; fileRef = 49012B152940F38500980404 /* FunctionalUtils.swift */; };
		49012B8429428B3800980404 /* SwiftUIExtensions.swift in Sources */ = {isa = PBXBuildFile; fileRef = 49012B182940F3B400980404 /* SwiftUIExtensions.swift */; };
		49012B8629428C5100980404 /* GameViewiOS.swift in Sources */ = {isa = PBXBuildFile; fileRef = 49012B8529428C5100980404 /* GameViewiOS.swift */; };
/* End PBXBuildFile section */

/* Begin PBXContainerItemProxy section */
		49012AEA2940F1D500980404 /* PBXContainerItemProxy */ = {
			isa = PBXContainerItemProxy;
			containerPortal = 49012AD12940F1D400980404 /* Project object */;
			proxyType = 1;
			remoteGlobalIDString = 49012AD82940F1D400980404;
			remoteInfo = "AppleWatchGame Watch App";
		};
		49012AF42940F1D500980404 /* PBXContainerItemProxy */ = {
			isa = PBXContainerItemProxy;
			containerPortal = 49012AD12940F1D400980404 /* Project object */;
			proxyType = 1;
			remoteGlobalIDString = 49012AD82940F1D400980404;
			remoteInfo = "AppleWatchGame Watch App";
		};
		49012B6229428B0400980404 /* PBXContainerItemProxy */ = {
			isa = PBXContainerItemProxy;
			containerPortal = 49012AD12940F1D400980404 /* Project object */;
			proxyType = 1;
			remoteGlobalIDString = 49012B5129428B0300980404;
			remoteInfo = iOSGame2048;
		};
		49012B6C29428B0400980404 /* PBXContainerItemProxy */ = {
			isa = PBXContainerItemProxy;
			containerPortal = 49012AD12940F1D400980404 /* Project object */;
			proxyType = 1;
			remoteGlobalIDString = 49012B5129428B0300980404;
			remoteInfo = iOSGame2048;
		};
/* End PBXContainerItemProxy section */

/* Begin PBXFileReference section */
		49012AD92940F1D400980404 /* AppleWatchGame Watch App.app */ = {isa = PBXFileReference; explicitFileType = wrapper.application; includeInIndex = 0; path = "AppleWatchGame Watch App.app"; sourceTree = BUILT_PRODUCTS_DIR; };
		49012ADC2940F1D400980404 /* AppleWatchGameApp.swift */ = {isa = PBXFileReference; lastKnownFileType = sourcecode.swift; path = AppleWatchGameApp.swift; sourceTree = "<group>"; };
		49012ADE2940F1D400980404 /* ContentView.swift */ = {isa = PBXFileReference; lastKnownFileType = sourcecode.swift; path = ContentView.swift; sourceTree = "<group>"; };
		49012AE02940F1D500980404 /* Assets.xcassets */ = {isa = PBXFileReference; lastKnownFileType = folder.assetcatalog; path = Assets.xcassets; sourceTree = "<group>"; };
		49012AE32940F1D500980404 /* Preview Assets.xcassets */ = {isa = PBXFileReference; lastKnownFileType = folder.assetcatalog; path = "Preview Assets.xcassets"; sourceTree = "<group>"; };
		49012AE92940F1D500980404 /* AppleWatchGame Watch AppTests.xctest */ = {isa = PBXFileReference; explicitFileType = wrapper.cfbundle; includeInIndex = 0; path = "AppleWatchGame Watch AppTests.xctest"; sourceTree = BUILT_PRODUCTS_DIR; };
		49012AED2940F1D500980404 /* AppleWatchGame_Watch_AppTests.swift */ = {isa = PBXFileReference; lastKnownFileType = sourcecode.swift; path = AppleWatchGame_Watch_AppTests.swift; sourceTree = "<group>"; };
		49012AF32940F1D500980404 /* AppleWatchGame Watch AppUITests.xctest */ = {isa = PBXFileReference; explicitFileType = wrapper.cfbundle; includeInIndex = 0; path = "AppleWatchGame Watch AppUITests.xctest"; sourceTree = BUILT_PRODUCTS_DIR; };
		49012AF72940F1D500980404 /* AppleWatchGame_Watch_AppUITests.swift */ = {isa = PBXFileReference; lastKnownFileType = sourcecode.swift; path = AppleWatchGame_Watch_AppUITests.swift; sourceTree = "<group>"; };
		49012AF92940F1D500980404 /* AppleWatchGame_Watch_AppUITestsLaunchTests.swift */ = {isa = PBXFileReference; lastKnownFileType = sourcecode.swift; path = AppleWatchGame_Watch_AppUITestsLaunchTests.swift; sourceTree = "<group>"; };
		49012B072940F2CE00980404 /* BlockMatrix.swift */ = {isa = PBXFileReference; lastKnownFileType = sourcecode.swift; path = BlockMatrix.swift; sourceTree = "<group>"; };
		49012B092940F2F700980404 /* GameLogic.swift */ = {isa = PBXFileReference; lastKnownFileType = sourcecode.swift; path = GameLogic.swift; sourceTree = "<group>"; };
		49012B0B2940F30E00980404 /* IdentifiedBlock.swift */ = {isa = PBXFileReference; lastKnownFileType = sourcecode.swift; path = IdentifiedBlock.swift; sourceTree = "<group>"; };
		49012B0E2940F33100980404 /* GameView.swift */ = {isa = PBXFileReference; lastKnownFileType = sourcecode.swift; path = GameView.swift; sourceTree = "<group>"; };
		49012B102940F34600980404 /* BlockView.swift */ = {isa = PBXFileReference; lastKnownFileType = sourcecode.swift; path = BlockView.swift; sourceTree = "<group>"; };
		49012B122940F35E00980404 /* BlockGridView.swift */ = {isa = PBXFileReference; lastKnownFileType = sourcecode.swift; path = BlockGridView.swift; sourceTree = "<group>"; };
		49012B152940F38500980404 /* FunctionalUtils.swift */ = {isa = PBXFileReference; lastKnownFileType = sourcecode.swift; path = FunctionalUtils.swift; sourceTree = "<group>"; };
		49012B182940F3B400980404 /* SwiftUIExtensions.swift */ = {isa = PBXFileReference; lastKnownFileType = sourcecode.swift; path = SwiftUIExtensions.swift; sourceTree = "<group>"; };
		49012B5229428B0300980404 /* iOSGame2048.app */ = {isa = PBXFileReference; explicitFileType = wrapper.application; includeInIndex = 0; path = iOSGame2048.app; sourceTree = BUILT_PRODUCTS_DIR; };
		49012B5429428B0300980404 /* iOSGame2048App.swift */ = {isa = PBXFileReference; lastKnownFileType = sourcecode.swift; path = iOSGame2048App.swift; sourceTree = "<group>"; };
		49012B5629428B0300980404 /* ContentView.swift */ = {isa = PBXFileReference; lastKnownFileType = sourcecode.swift; path = ContentView.swift; sourceTree = "<group>"; };
		49012B5829428B0400980404 /* Assets.xcassets */ = {isa = PBXFileReference; lastKnownFileType = folder.assetcatalog; path = Assets.xcassets; sourceTree = "<group>"; };
		49012B5B29428B0400980404 /* Preview Assets.xcassets */ = {isa = PBXFileReference; lastKnownFileType = folder.assetcatalog; path = "Preview Assets.xcassets"; sourceTree = "<group>"; };
		49012B6129428B0400980404 /* iOSGame2048Tests.xctest */ = {isa = PBXFileReference; explicitFileType = wrapper.cfbundle; includeInIndex = 0; path = iOSGame2048Tests.xctest; sourceTree = BUILT_PRODUCTS_DIR; };
		49012B6529428B0400980404 /* iOSGame2048Tests.swift */ = {isa = PBXFileReference; lastKnownFileType = sourcecode.swift; path = iOSGame2048Tests.swift; sourceTree = "<group>"; };
		49012B6B29428B0400980404 /* iOSGame2048UITests.xctest */ = {isa = PBXFileReference; explicitFileType = wrapper.cfbundle; includeInIndex = 0; path = iOSGame2048UITests.xctest; sourceTree = BUILT_PRODUCTS_DIR; };
		49012B6F29428B0400980404 /* iOSGame2048UITests.swift */ = {isa = PBXFileReference; lastKnownFileType = sourcecode.swift; path = iOSGame2048UITests.swift; sourceTree = "<group>"; };
		49012B7129428B0400980404 /* iOSGame2048UITestsLaunchTests.swift */ = {isa = PBXFileReference; lastKnownFileType = sourcecode.swift; path = iOSGame2048UITestsLaunchTests.swift; sourceTree = "<group>"; };
		49012B8529428C5100980404 /* GameViewiOS.swift */ = {isa = PBXFileReference; lastKnownFileType = sourcecode.swift; path = GameViewiOS.swift; sourceTree = "<group>"; };
/* End PBXFileReference section */

/* Begin PBXFrameworksBuildPhase section */
		49012AD62940F1D400980404 /* Frameworks */ = {
			isa = PBXFrameworksBuildPhase;
			buildActionMask = 2147483647;
			files = (
			);
			runOnlyForDeploymentPostprocessing = 0;
		};
		49012AE62940F1D500980404 /* Frameworks */ = {
			isa = PBXFrameworksBuildPhase;
			buildActionMask = 2147483647;
			files = (
			);
			runOnlyForDeploymentPostprocessing = 0;
		};
		49012AF02940F1D500980404 /* Frameworks */ = {
			isa = PBXFrameworksBuildPhase;
			buildActionMask = 2147483647;
			files = (
			);
			runOnlyForDeploymentPostprocessing = 0;
		};
		49012B4F29428B0300980404 /* Frameworks */ = {
			isa = PBXFrameworksBuildPhase;
			buildActionMask = 2147483647;
			files = (
			);
			runOnlyForDeploymentPostprocessing = 0;
		};
		49012B5E29428B0400980404 /* Frameworks */ = {
			isa = PBXFrameworksBuildPhase;
			buildActionMask = 2147483647;
			files = (
			);
			runOnlyForDeploymentPostprocessing = 0;
		};
		49012B6829428B0400980404 /* Frameworks */ = {
			isa = PBXFrameworksBuildPhase;
			buildActionMask = 2147483647;
			files = (
			);
			runOnlyForDeploymentPostprocessing = 0;
		};
/* End PBXFrameworksBuildPhase section */

/* Begin PBXGroup section */
		49012AD02940F1D400980404 = {
			isa = PBXGroup;
			children = (
				49012ADB2940F1D400980404 /* AppleWatchGame Watch App */,
				49012AEC2940F1D500980404 /* AppleWatchGame Watch AppTests */,
				49012AF62940F1D500980404 /* AppleWatchGame Watch AppUITests */,
				49012B5329428B0300980404 /* iOSGame2048 */,
				49012B6429428B0400980404 /* iOSGame2048Tests */,
				49012B6E29428B0400980404 /* iOSGame2048UITests */,
				49012ADA2940F1D400980404 /* Products */,
			);
			sourceTree = "<group>";
		};
		49012ADA2940F1D400980404 /* Products */ = {
			isa = PBXGroup;
			children = (
				49012AD92940F1D400980404 /* AppleWatchGame Watch App.app */,
				49012AE92940F1D500980404 /* AppleWatchGame Watch AppTests.xctest */,
				49012AF32940F1D500980404 /* AppleWatchGame Watch AppUITests.xctest */,
				49012B5229428B0300980404 /* iOSGame2048.app */,
				49012B6129428B0400980404 /* iOSGame2048Tests.xctest */,
				49012B6B29428B0400980404 /* iOSGame2048UITests.xctest */,
			);
			name = Products;
			sourceTree = "<group>";
		};
		49012ADB2940F1D400980404 /* AppleWatchGame Watch App */ = {
			isa = PBXGroup;
			children = (
				49012B172940F3A900980404 /* Extensions */,
				49012B142940F37900980404 /* Utils */,
				49012B0D2940F32B00980404 /* Views */,
				49012B062940F2C300980404 /* Models */,
				49012ADC2940F1D400980404 /* AppleWatchGameApp.swift */,
				49012ADE2940F1D400980404 /* ContentView.swift */,
				49012AE02940F1D500980404 /* Assets.xcassets */,
				49012AE22940F1D500980404 /* Preview Content */,
			);
			path = "AppleWatchGame Watch App";
			sourceTree = "<group>";
		};
		49012AE22940F1D500980404 /* Preview Content */ = {
			isa = PBXGroup;
			children = (
				49012AE32940F1D500980404 /* Preview Assets.xcassets */,
			);
			path = "Preview Content";
			sourceTree = "<group>";
		};
		49012AEC2940F1D500980404 /* AppleWatchGame Watch AppTests */ = {
			isa = PBXGroup;
			children = (
				49012AED2940F1D500980404 /* AppleWatchGame_Watch_AppTests.swift */,
			);
			path = "AppleWatchGame Watch AppTests";
			sourceTree = "<group>";
		};
		49012AF62940F1D500980404 /* AppleWatchGame Watch AppUITests */ = {
			isa = PBXGroup;
			children = (
				49012AF72940F1D500980404 /* AppleWatchGame_Watch_AppUITests.swift */,
				49012AF92940F1D500980404 /* AppleWatchGame_Watch_AppUITestsLaunchTests.swift */,
			);
			path = "AppleWatchGame Watch AppUITests";
			sourceTree = "<group>";
		};
		49012B062940F2C300980404 /* Models */ = {
			isa = PBXGroup;
			children = (
				49012B072940F2CE00980404 /* BlockMatrix.swift */,
				49012B092940F2F700980404 /* GameLogic.swift */,
				49012B0B2940F30E00980404 /* IdentifiedBlock.swift */,
			);
			path = Models;
			sourceTree = "<group>";
		};
		49012B0D2940F32B00980404 /* Views */ = {
			isa = PBXGroup;
			children = (
				49012B0E2940F33100980404 /* GameView.swift */,
				49012B102940F34600980404 /* BlockView.swift */,
				49012B122940F35E00980404 /* BlockGridView.swift */,
			);
			path = Views;
			sourceTree = "<group>";
		};
		49012B142940F37900980404 /* Utils */ = {
			isa = PBXGroup;
			children = (
				49012B152940F38500980404 /* FunctionalUtils.swift */,
			);
			path = Utils;
			sourceTree = "<group>";
		};
		49012B172940F3A900980404 /* Extensions */ = {
			isa = PBXGroup;
			children = (
				49012B182940F3B400980404 /* SwiftUIExtensions.swift */,
			);
			path = Extensions;
			sourceTree = "<group>";
		};
		49012B5329428B0300980404 /* iOSGame2048 */ = {
			isa = PBXGroup;
			children = (
				49012B5429428B0300980404 /* iOSGame2048App.swift */,
				49012B5629428B0300980404 /* ContentView.swift */,
				49012B5829428B0400980404 /* Assets.xcassets */,
				49012B5A29428B0400980404 /* Preview Content */,
				49012B8529428C5100980404 /* GameViewiOS.swift */,
			);
			path = iOSGame2048;
			sourceTree = "<group>";
		};
		49012B5A29428B0400980404 /* Preview Content */ = {
			isa = PBXGroup;
			children = (
				49012B5B29428B0400980404 /* Preview Assets.xcassets */,
			);
			path = "Preview Content";
			sourceTree = "<group>";
		};
		49012B6429428B0400980404 /* iOSGame2048Tests */ = {
			isa = PBXGroup;
			children = (
				49012B6529428B0400980404 /* iOSGame2048Tests.swift */,
			);
			path = iOSGame2048Tests;
			sourceTree = "<group>";
		};
		49012B6E29428B0400980404 /* iOSGame2048UITests */ = {
			isa = PBXGroup;
			children = (
				49012B6F29428B0400980404 /* iOSGame2048UITests.swift */,
				49012B7129428B0400980404 /* iOSGame2048UITestsLaunchTests.swift */,
			);
			path = iOSGame2048UITests;
			sourceTree = "<group>";
		};
/* End PBXGroup section */

/* Begin PBXNativeTarget section */
		49012AD82940F1D400980404 /* AppleWatchGame Watch App */ = {
			isa = PBXNativeTarget;
			buildConfigurationList = 49012AFD2940F1D500980404 /* Build configuration list for PBXNativeTarget "AppleWatchGame Watch App" */;
			buildPhases = (
				49012AD52940F1D400980404 /* Sources */,
				49012AD62940F1D400980404 /* Frameworks */,
				49012AD72940F1D400980404 /* Resources */,
			);
			buildRules = (
			);
			dependencies = (
			);
			name = "AppleWatchGame Watch App";
			productName = "AppleWatchGame Watch App";
			productReference = 49012AD92940F1D400980404 /* AppleWatchGame Watch App.app */;
			productType = "com.apple.product-type.application";
		};
		49012AE82940F1D500980404 /* AppleWatchGame Watch AppTests */ = {
			isa = PBXNativeTarget;
			buildConfigurationList = 49012B002940F1D500980404 /* Build configuration list for PBXNativeTarget "AppleWatchGame Watch AppTests" */;
			buildPhases = (
				49012AE52940F1D500980404 /* Sources */,
				49012AE62940F1D500980404 /* Frameworks */,
				49012AE72940F1D500980404 /* Resources */,
			);
			buildRules = (
			);
			dependencies = (
				49012AEB2940F1D500980404 /* PBXTargetDependency */,
			);
			name = "AppleWatchGame Watch AppTests";
			productName = "AppleWatchGame Watch AppTests";
			productReference = 49012AE92940F1D500980404 /* AppleWatchGame Watch AppTests.xctest */;
			productType = "com.apple.product-type.bundle.unit-test";
		};
		49012AF22940F1D500980404 /* AppleWatchGame Watch AppUITests */ = {
			isa = PBXNativeTarget;
			buildConfigurationList = 49012B032940F1D500980404 /* Build configuration list for PBXNativeTarget "AppleWatchGame Watch AppUITests" */;
			buildPhases = (
				49012AEF2940F1D500980404 /* Sources */,
				49012AF02940F1D500980404 /* Frameworks */,
				49012AF12940F1D500980404 /* Resources */,
			);
			buildRules = (
			);
			dependencies = (
				49012AF52940F1D500980404 /* PBXTargetDependency */,
			);
			name = "AppleWatchGame Watch AppUITests";
			productName = "AppleWatchGame Watch AppUITests";
			productReference = 49012AF32940F1D500980404 /* AppleWatchGame Watch AppUITests.xctest */;
			productType = "com.apple.product-type.bundle.ui-testing";
		};
		49012B5129428B0300980404 /* iOSGame2048 */ = {
			isa = PBXNativeTarget;
			buildConfigurationList = 49012B7329428B0400980404 /* Build configuration list for PBXNativeTarget "iOSGame2048" */;
			buildPhases = (
				49012B4E29428B0300980404 /* Sources */,
				49012B4F29428B0300980404 /* Frameworks */,
				49012B5029428B0300980404 /* Resources */,
			);
			buildRules = (
			);
			dependencies = (
			);
			name = iOSGame2048;
			productName = iOSGame2048;
			productReference = 49012B5229428B0300980404 /* iOSGame2048.app */;
			productType = "com.apple.product-type.application";
		};
		49012B6029428B0400980404 /* iOSGame2048Tests */ = {
			isa = PBXNativeTarget;
			buildConfigurationList = 49012B7629428B0400980404 /* Build configuration list for PBXNativeTarget "iOSGame2048Tests" */;
			buildPhases = (
				49012B5D29428B0400980404 /* Sources */,
				49012B5E29428B0400980404 /* Frameworks */,
				49012B5F29428B0400980404 /* Resources */,
			);
			buildRules = (
			);
			dependencies = (
				49012B6329428B0400980404 /* PBXTargetDependency */,
			);
			name = iOSGame2048Tests;
			productName = iOSGame2048Tests;
			productReference = 49012B6129428B0400980404 /* iOSGame2048Tests.xctest */;
			productType = "com.apple.product-type.bundle.unit-test";
		};
		49012B6A29428B0400980404 /* iOSGame2048UITests */ = {
			isa = PBXNativeTarget;
			buildConfigurationList = 49012B7929428B0400980404 /* Build configuration list for PBXNativeTarget "iOSGame2048UITests" */;
			buildPhases = (
				49012B6729428B0400980404 /* Sources */,
				49012B6829428B0400980404 /* Frameworks */,
				49012B6929428B0400980404 /* Resources */,
			);
			buildRules = (
			);
			dependencies = (
				49012B6D29428B0400980404 /* PBXTargetDependency */,
			);
			name = iOSGame2048UITests;
			productName = iOSGame2048UITests;
			productReference = 49012B6B29428B0400980404 /* iOSGame2048UITests.xctest */;
			productType = "com.apple.product-type.bundle.ui-testing";
		};
/* End PBXNativeTarget section */

/* Begin PBXProject section */
		49012AD12940F1D400980404 /* Project object */ = {
			isa = PBXProject;
			attributes = {
				BuildIndependentTargetsInParallel = 1;
				LastSwiftUpdateCheck = 1410;
				LastUpgradeCheck = 1410;
				TargetAttributes = {
					49012AD82940F1D400980404 = {
						CreatedOnToolsVersion = 14.1;
					};
					49012AE82940F1D500980404 = {
						CreatedOnToolsVersion = 14.1;
						TestTargetID = 49012AD82940F1D400980404;
					};
					49012AF22940F1D500980404 = {
						CreatedOnToolsVersion = 14.1;
						TestTargetID = 49012AD82940F1D400980404;
					};
					49012B5129428B0300980404 = {
						CreatedOnToolsVersion = 14.1;
					};
					49012B6029428B0400980404 = {
						CreatedOnToolsVersion = 14.1;
						TestTargetID = 49012B5129428B0300980404;
					};
					49012B6A29428B0400980404 = {
						CreatedOnToolsVersion = 14.1;
						TestTargetID = 49012B5129428B0300980404;
					};
				};
			};
			buildConfigurationList = 49012AD42940F1D400980404 /* Build configuration list for PBXProject "AppleWatchGame" */;
			compatibilityVersion = "Xcode 14.0";
			developmentRegion = en;
			hasScannedForEncodings = 0;
			knownRegions = (
				en,
				Base,
			);
			mainGroup = 49012AD02940F1D400980404;
			productRefGroup = 49012ADA2940F1D400980404 /* Products */;
			projectDirPath = "";
			projectRoot = "";
			targets = (
				49012AD82940F1D400980404 /* AppleWatchGame Watch App */,
				49012AE82940F1D500980404 /* AppleWatchGame Watch AppTests */,
				49012AF22940F1D500980404 /* AppleWatchGame Watch AppUITests */,
				49012B5129428B0300980404 /* iOSGame2048 */,
				49012B6029428B0400980404 /* iOSGame2048Tests */,
				49012B6A29428B0400980404 /* iOSGame2048UITests */,
			);
		};
/* End PBXProject section */

/* Begin PBXResourcesBuildPhase section */
		49012AD72940F1D400980404 /* Resources */ = {
			isa = PBXResourcesBuildPhase;
			buildActionMask = 2147483647;
			files = (
				49012AE42940F1D500980404 /* Preview Assets.xcassets in Resources */,
				49012AE12940F1D500980404 /* Assets.xcassets in Resources */,
			);
			runOnlyForDeploymentPostprocessing = 0;
		};
		49012AE72940F1D500980404 /* Resources */ = {
			isa = PBXResourcesBuildPhase;
			buildActionMask = 2147483647;
			files = (
			);
			runOnlyForDeploymentPostprocessing = 0;
		};
		49012AF12940F1D500980404 /* Resources */ = {
			isa = PBXResourcesBuildPhase;
			buildActionMask = 2147483647;
			files = (
			);
			runOnlyForDeploymentPostprocessing = 0;
		};
		49012B5029428B0300980404 /* Resources */ = {
			isa = PBXResourcesBuildPhase;
			buildActionMask = 2147483647;
			files = (
				49012B5C29428B0400980404 /* Preview Assets.xcassets in Resources */,
				49012B5929428B0400980404 /* Assets.xcassets in Resources */,
			);
			runOnlyForDeploymentPostprocessing = 0;
		};
		49012B5F29428B0400980404 /* Resources */ = {
			isa = PBXResourcesBuildPhase;
			buildActionMask = 2147483647;
			files = (
			);
			runOnlyForDeploymentPostprocessing = 0;
		};
		49012B6929428B0400980404 /* Resources */ = {
			isa = PBXResourcesBuildPhase;
			buildActionMask = 2147483647;
			files = (
			);
			runOnlyForDeploymentPostprocessing = 0;
		};
/* End PBXResourcesBuildPhase section */

/* Begin PBXSourcesBuildPhase section */
		49012AD52940F1D400980404 /* Sources */ = {
			isa = PBXSourcesBuildPhase;
			buildActionMask = 2147483647;
			files = (
				49012ADF2940F1D400980404 /* ContentView.swift in Sources */,
				49012B162940F38500980404 /* FunctionalUtils.swift in Sources */,
				49012ADD2940F1D400980404 /* AppleWatchGameApp.swift in Sources */,
				49012B132940F35E00980404 /* BlockGridView.swift in Sources */,
				49012B0C2940F30E00980404 /* IdentifiedBlock.swift in Sources */,
				49012B192940F3B400980404 /* SwiftUIExtensions.swift in Sources */,
				49012B0A2940F2F700980404 /* GameLogic.swift in Sources */,
				49012B112940F34600980404 /* BlockView.swift in Sources */,
				49012B0F2940F33100980404 /* GameView.swift in Sources */,
				49012B082940F2CE00980404 /* BlockMatrix.swift in Sources */,
			);
			runOnlyForDeploymentPostprocessing = 0;
		};
		49012AE52940F1D500980404 /* Sources */ = {
			isa = PBXSourcesBuildPhase;
			buildActionMask = 2147483647;
			files = (
				49012AEE2940F1D500980404 /* AppleWatchGame_Watch_AppTests.swift in Sources */,
			);
			runOnlyForDeploymentPostprocessing = 0;
		};
		49012AEF2940F1D500980404 /* Sources */ = {
			isa = PBXSourcesBuildPhase;
			buildActionMask = 2147483647;
			files = (
				49012AF82940F1D500980404 /* AppleWatchGame_Watch_AppUITests.swift in Sources */,
				49012AFA2940F1D500980404 /* AppleWatchGame_Watch_AppUITestsLaunchTests.swift in Sources */,
			);
			runOnlyForDeploymentPostprocessing = 0;
		};
		49012B4E29428B0300980404 /* Sources */ = {
			isa = PBXSourcesBuildPhase;
			buildActionMask = 2147483647;
			files = (
				49012B5729428B0300980404 /* ContentView.swift in Sources */,
				49012B8329428B3500980404 /* FunctionalUtils.swift in Sources */,
				49012B7D29428B1E00980404 /* IdentifiedBlock.swift in Sources */,
				49012B8229428B3100980404 /* BlockGridView.swift in Sources */,
				49012B7F29428B2400980404 /* BlockMatrix.swift in Sources */,
				49012B8429428B3800980404 /* SwiftUIExtensions.swift in Sources */,
				49012B7E29428B2400980404 /* GameLogic.swift in Sources */,
				49012B8629428C5100980404 /* GameViewiOS.swift in Sources */,
				49012B8029428B3100980404 /* BlockView.swift in Sources */,
				49012B5529428B0300980404 /* iOSGame2048App.swift in Sources */,
				49012B8129428B3100980404 /* GameView.swift in Sources */,
			);
			runOnlyForDeploymentPostprocessing = 0;
		};
		49012B5D29428B0400980404 /* Sources */ = {
			isa = PBXSourcesBuildPhase;
			buildActionMask = 2147483647;
			files = (
				49012B6629428B0400980404 /* iOSGame2048Tests.swift in Sources */,
			);
			runOnlyForDeploymentPostprocessing = 0;
		};
		49012B6729428B0400980404 /* Sources */ = {
			isa = PBXSourcesBuildPhase;
			buildActionMask = 2147483647;
			files = (
				49012B7229428B0400980404 /* iOSGame2048UITestsLaunchTests.swift in Sources */,
				49012B7029428B0400980404 /* iOSGame2048UITests.swift in Sources */,
			);
			runOnlyForDeploymentPostprocessing = 0;
		};
/* End PBXSourcesBuildPhase section */

/* Begin PBXTargetDependency section */
		49012AEB2940F1D500980404 /* PBXTargetDependency */ = {
			isa = PBXTargetDependency;
			target = 49012AD82940F1D400980404 /* AppleWatchGame Watch App */;
			targetProxy = 49012AEA2940F1D500980404 /* PBXContainerItemProxy */;
		};
		49012AF52940F1D500980404 /* PBXTargetDependency */ = {
			isa = PBXTargetDependency;
			target = 49012AD82940F1D400980404 /* AppleWatchGame Watch App */;
			targetProxy = 49012AF42940F1D500980404 /* PBXContainerItemProxy */;
		};
		49012B6329428B0400980404 /* PBXTargetDependency */ = {
			isa = PBXTargetDependency;
			target = 49012B5129428B0300980404 /* iOSGame2048 */;
			targetProxy = 49012B6229428B0400980404 /* PBXContainerItemProxy */;
		};
		49012B6D29428B0400980404 /* PBXTargetDependency */ = {
			isa = PBXTargetDependency;
			target = 49012B5129428B0300980404 /* iOSGame2048 */;
			targetProxy = 49012B6C29428B0400980404 /* PBXContainerItemProxy */;
		};
/* End PBXTargetDependency section */

/* Begin XCBuildConfiguration section */
		49012AFB2940F1D500980404 /* Debug */ = {
			isa = XCBuildConfiguration;
			buildSettings = {
				ALWAYS_SEARCH_USER_PATHS = NO;
				CLANG_ANALYZER_NONNULL = YES;
				CLANG_ANALYZER_NUMBER_OBJECT_CONVERSION = YES_AGGRESSIVE;
				CLANG_CXX_LANGUAGE_STANDARD = "gnu++20";
				CLANG_ENABLE_MODULES = YES;
				CLANG_ENABLE_OBJC_ARC = YES;
				CLANG_ENABLE_OBJC_WEAK = YES;
				CLANG_WARN_BLOCK_CAPTURE_AUTORELEASING = YES;
				CLANG_WARN_BOOL_CONVERSION = YES;
				CLANG_WARN_COMMA = YES;
				CLANG_WARN_CONSTANT_CONVERSION = YES;
				CLANG_WARN_DEPRECATED_OBJC_IMPLEMENTATIONS = YES;
				CLANG_WARN_DIRECT_OBJC_ISA_USAGE = YES_ERROR;
				CLANG_WARN_DOCUMENTATION_COMMENTS = YES;
				CLANG_WARN_EMPTY_BODY = YES;
				CLANG_WARN_ENUM_CONVERSION = YES;
				CLANG_WARN_INFINITE_RECURSION = YES;
				CLANG_WARN_INT_CONVERSION = YES;
				CLANG_WARN_NON_LITERAL_NULL_CONVERSION = YES;
				CLANG_WARN_OBJC_IMPLICIT_RETAIN_SELF = YES;
				CLANG_WARN_OBJC_LITERAL_CONVERSION = YES;
				CLANG_WARN_OBJC_ROOT_CLASS = YES_ERROR;
				CLANG_WARN_QUOTED_INCLUDE_IN_FRAMEWORK_HEADER = YES;
				CLANG_WARN_RANGE_LOOP_ANALYSIS = YES;
				CLANG_WARN_STRICT_PROTOTYPES = YES;
				CLANG_WARN_SUSPICIOUS_MOVE = YES;
				CLANG_WARN_UNGUARDED_AVAILABILITY = YES_AGGRESSIVE;
				CLANG_WARN_UNREACHABLE_CODE = YES;
				CLANG_WARN__DUPLICATE_METHOD_MATCH = YES;
				COPY_PHASE_STRIP = NO;
				DEBUG_INFORMATION_FORMAT = dwarf;
				ENABLE_STRICT_OBJC_MSGSEND = YES;
				ENABLE_TESTABILITY = YES;
				GCC_C_LANGUAGE_STANDARD = gnu11;
				GCC_DYNAMIC_NO_PIC = NO;
				GCC_NO_COMMON_BLOCKS = YES;
				GCC_OPTIMIZATION_LEVEL = 0;
				GCC_PREPROCESSOR_DEFINITIONS = (
					"DEBUG=1",
					"$(inherited)",
				);
				GCC_WARN_64_TO_32_BIT_CONVERSION = YES;
				GCC_WARN_ABOUT_RETURN_TYPE = YES_ERROR;
				GCC_WARN_UNDECLARED_SELECTOR = YES;
				GCC_WARN_UNINITIALIZED_AUTOS = YES_AGGRESSIVE;
				GCC_WARN_UNUSED_FUNCTION = YES;
				GCC_WARN_UNUSED_VARIABLE = YES;
				MTL_ENABLE_DEBUG_INFO = INCLUDE_SOURCE;
				MTL_FAST_MATH = YES;
				ONLY_ACTIVE_ARCH = YES;
				SWIFT_ACTIVE_COMPILATION_CONDITIONS = DEBUG;
				SWIFT_OPTIMIZATION_LEVEL = "-Onone";
			};
			name = Debug;
		};
		49012AFC2940F1D500980404 /* Release */ = {
			isa = XCBuildConfiguration;
			buildSettings = {
				ALWAYS_SEARCH_USER_PATHS = NO;
				CLANG_ANALYZER_NONNULL = YES;
				CLANG_ANALYZER_NUMBER_OBJECT_CONVERSION = YES_AGGRESSIVE;
				CLANG_CXX_LANGUAGE_STANDARD = "gnu++20";
				CLANG_ENABLE_MODULES = YES;
				CLANG_ENABLE_OBJC_ARC = YES;
				CLANG_ENABLE_OBJC_WEAK = YES;
				CLANG_WARN_BLOCK_CAPTURE_AUTORELEASING = YES;
				CLANG_WARN_BOOL_CONVERSION = YES;
				CLANG_WARN_COMMA = YES;
				CLANG_WARN_CONSTANT_CONVERSION = YES;
				CLANG_WARN_DEPRECATED_OBJC_IMPLEMENTATIONS = YES;
				CLANG_WARN_DIRECT_OBJC_ISA_USAGE = YES_ERROR;
				CLANG_WARN_DOCUMENTATION_COMMENTS = YES;
				CLANG_WARN_EMPTY_BODY = YES;
				CLANG_WARN_ENUM_CONVERSION = YES;
				CLANG_WARN_INFINITE_RECURSION = YES;
				CLANG_WARN_INT_CONVERSION = YES;
				CLANG_WARN_NON_LITERAL_NULL_CONVERSION = YES;
				CLANG_WARN_OBJC_IMPLICIT_RETAIN_SELF = YES;
				CLANG_WARN_OBJC_LITERAL_CONVERSION = YES;
				CLANG_WARN_OBJC_ROOT_CLASS = YES_ERROR;
				CLANG_WARN_QUOTED_INCLUDE_IN_FRAMEWORK_HEADER = YES;
				CLANG_WARN_RANGE_LOOP_ANALYSIS = YES;
				CLANG_WARN_STRICT_PROTOTYPES = YES;
				CLANG_WARN_SUSPICIOUS_MOVE = YES;
				CLANG_WARN_UNGUARDED_AVAILABILITY = YES_AGGRESSIVE;
				CLANG_WARN_UNREACHABLE_CODE = YES;
				CLANG_WARN__DUPLICATE_METHOD_MATCH = YES;
				COPY_PHASE_STRIP = NO;
				DEBUG_INFORMATION_FORMAT = "dwarf-with-dsym";
				ENABLE_NS_ASSERTIONS = NO;
				ENABLE_STRICT_OBJC_MSGSEND = YES;
				GCC_C_LANGUAGE_STANDARD = gnu11;
				GCC_NO_COMMON_BLOCKS = YES;
				GCC_WARN_64_TO_32_BIT_CONVERSION = YES;
				GCC_WARN_ABOUT_RETURN_TYPE = YES_ERROR;
				GCC_WARN_UNDECLARED_SELECTOR = YES;
				GCC_WARN_UNINITIALIZED_AUTOS = YES_AGGRESSIVE;
				GCC_WARN_UNUSED_FUNCTION = YES;
				GCC_WARN_UNUSED_VARIABLE = YES;
				MTL_ENABLE_DEBUG_INFO = NO;
				MTL_FAST_MATH = YES;
				SWIFT_COMPILATION_MODE = wholemodule;
				SWIFT_OPTIMIZATION_LEVEL = "-O";
			};
			name = Release;
		};
		49012AFE2940F1D500980404 /* Debug */ = {
			isa = XCBuildConfiguration;
			buildSettings = {
				ASSETCATALOG_COMPILER_APPICON_NAME = AppIcon;
				ASSETCATALOG_COMPILER_GLOBAL_ACCENT_COLOR_NAME = AccentColor;
				CODE_SIGN_STYLE = Automatic;
				CURRENT_PROJECT_VERSION = 1;
				DEVELOPMENT_ASSET_PATHS = "\"AppleWatchGame Watch App/Preview Content\"";
				DEVELOPMENT_TEAM = 274RF4F6D5;
				ENABLE_PREVIEWS = YES;
				GENERATE_INFOPLIST_FILE = YES;
				INFOPLIST_KEY_CFBundleDisplayName = AppleWatchGame;
				INFOPLIST_KEY_UISupportedInterfaceOrientations = "UIInterfaceOrientationPortrait UIInterfaceOrientationPortraitUpsideDown";
				INFOPLIST_KEY_WKCompanionAppBundleIdentifier = "";
				LD_RUNPATH_SEARCH_PATHS = (
					"$(inherited)",
					"@executable_path/Frameworks",
				);
				MARKETING_VERSION = 1.0;
				PRODUCT_BUNDLE_IDENTIFIER = com.maxches99.Game2048watchkitapp;
				PRODUCT_NAME = "$(TARGET_NAME)";
				SDKROOT = watchos;
				SKIP_INSTALL = YES;
				SWIFT_EMIT_LOC_STRINGS = YES;
				SWIFT_VERSION = 5.0;
				TARGETED_DEVICE_FAMILY = 4;
				WATCHOS_DEPLOYMENT_TARGET = 9.1;
			};
			name = Debug;
		};
		49012AFF2940F1D500980404 /* Release */ = {
			isa = XCBuildConfiguration;
			buildSettings = {
				ASSETCATALOG_COMPILER_APPICON_NAME = AppIcon;
				ASSETCATALOG_COMPILER_GLOBAL_ACCENT_COLOR_NAME = AccentColor;
				CODE_SIGN_STYLE = Automatic;
				CURRENT_PROJECT_VERSION = 1;
				DEVELOPMENT_ASSET_PATHS = "\"AppleWatchGame Watch App/Preview Content\"";
				DEVELOPMENT_TEAM = 274RF4F6D5;
				ENABLE_PREVIEWS = YES;
				GENERATE_INFOPLIST_FILE = YES;
				INFOPLIST_KEY_CFBundleDisplayName = AppleWatchGame;
				INFOPLIST_KEY_UISupportedInterfaceOrientations = "UIInterfaceOrientationPortrait UIInterfaceOrientationPortraitUpsideDown";
				INFOPLIST_KEY_WKCompanionAppBundleIdentifier = "";
				LD_RUNPATH_SEARCH_PATHS = (
					"$(inherited)",
					"@executable_path/Frameworks",
				);
				MARKETING_VERSION = 1.0;
				PRODUCT_BUNDLE_IDENTIFIER = com.maxches99.Game2048watchkitapp;
				PRODUCT_NAME = "$(TARGET_NAME)";
				SDKROOT = watchos;
				SKIP_INSTALL = YES;
				SWIFT_EMIT_LOC_STRINGS = YES;
				SWIFT_VERSION = 5.0;
				TARGETED_DEVICE_FAMILY = 4;
				VALIDATE_PRODUCT = YES;
				WATCHOS_DEPLOYMENT_TARGET = 9.1;
			};
			name = Release;
		};
		49012B012940F1D500980404 /* Debug */ = {
			isa = XCBuildConfiguration;
			buildSettings = {
				ALWAYS_EMBED_SWIFT_STANDARD_LIBRARIES = YES;
				BUNDLE_LOADER = "$(TEST_HOST)";
				CODE_SIGN_STYLE = Automatic;
				CURRENT_PROJECT_VERSION = 1;
				DEVELOPMENT_TEAM = 274RF4F6D5;
				GENERATE_INFOPLIST_FILE = YES;
				MARKETING_VERSION = 1.0;
				PRODUCT_BUNDLE_IDENTIFIER = "com.maxches99.AppleWatchGame-Watch-AppTests";
				PRODUCT_NAME = "$(TARGET_NAME)";
				SDKROOT = watchos;
				SWIFT_EMIT_LOC_STRINGS = NO;
				SWIFT_VERSION = 5.0;
				TARGETED_DEVICE_FAMILY = 4;
				TEST_HOST = "$(BUILT_PRODUCTS_DIR)/AppleWatchGame Watch App.app/$(BUNDLE_EXECUTABLE_FOLDER_PATH)/AppleWatchGame Watch App";
				WATCHOS_DEPLOYMENT_TARGET = 9.1;
			};
			name = Debug;
		};
		49012B022940F1D500980404 /* Release */ = {
			isa = XCBuildConfiguration;
			buildSettings = {
				ALWAYS_EMBED_SWIFT_STANDARD_LIBRARIES = YES;
				BUNDLE_LOADER = "$(TEST_HOST)";
				CODE_SIGN_STYLE = Automatic;
				CURRENT_PROJECT_VERSION = 1;
				DEVELOPMENT_TEAM = 274RF4F6D5;
				GENERATE_INFOPLIST_FILE = YES;
				MARKETING_VERSION = 1.0;
				PRODUCT_BUNDLE_IDENTIFIER = "com.maxches99.AppleWatchGame-Watch-AppTests";
				PRODUCT_NAME = "$(TARGET_NAME)";
				SDKROOT = watchos;
				SWIFT_EMIT_LOC_STRINGS = NO;
				SWIFT_VERSION = 5.0;
				TARGETED_DEVICE_FAMILY = 4;
				TEST_HOST = "$(BUILT_PRODUCTS_DIR)/AppleWatchGame Watch App.app/$(BUNDLE_EXECUTABLE_FOLDER_PATH)/AppleWatchGame Watch App";
				VALIDATE_PRODUCT = YES;
				WATCHOS_DEPLOYMENT_TARGET = 9.1;
			};
			name = Release;
		};
		49012B042940F1D500980404 /* Debug */ = {
			isa = XCBuildConfiguration;
			buildSettings = {
				ALWAYS_EMBED_SWIFT_STANDARD_LIBRARIES = YES;
				CODE_SIGN_STYLE = Automatic;
				CURRENT_PROJECT_VERSION = 1;
				DEVELOPMENT_TEAM = 274RF4F6D5;
				GENERATE_INFOPLIST_FILE = YES;
				MARKETING_VERSION = 1.0;
				PRODUCT_BUNDLE_IDENTIFIER = "com.maxches99.AppleWatchGame-Watch-AppUITests";
				PRODUCT_NAME = "$(TARGET_NAME)";
				SDKROOT = watchos;
				SWIFT_EMIT_LOC_STRINGS = NO;
				SWIFT_VERSION = 5.0;
				TARGETED_DEVICE_FAMILY = 4;
				TEST_TARGET_NAME = "AppleWatchGame Watch App";
				WATCHOS_DEPLOYMENT_TARGET = 9.1;
			};
			name = Debug;
		};
		49012B052940F1D500980404 /* Release */ = {
			isa = XCBuildConfiguration;
			buildSettings = {
				ALWAYS_EMBED_SWIFT_STANDARD_LIBRARIES = YES;
				CODE_SIGN_STYLE = Automatic;
				CURRENT_PROJECT_VERSION = 1;
				DEVELOPMENT_TEAM = 274RF4F6D5;
				GENERATE_INFOPLIST_FILE = YES;
				MARKETING_VERSION = 1.0;
				PRODUCT_BUNDLE_IDENTIFIER = "com.maxches99.AppleWatchGame-Watch-AppUITests";
				PRODUCT_NAME = "$(TARGET_NAME)";
				SDKROOT = watchos;
				SWIFT_EMIT_LOC_STRINGS = NO;
				SWIFT_VERSION = 5.0;
				TARGETED_DEVICE_FAMILY = 4;
				TEST_TARGET_NAME = "AppleWatchGame Watch App";
				VALIDATE_PRODUCT = YES;
				WATCHOS_DEPLOYMENT_TARGET = 9.1;
			};
			name = Release;
		};
		49012B7429428B0400980404 /* Debug */ = {
			isa = XCBuildConfiguration;
			buildSettings = {
				ASSETCATALOG_COMPILER_APPICON_NAME = AppIcon;
				ASSETCATALOG_COMPILER_GLOBAL_ACCENT_COLOR_NAME = AccentColor;
				CODE_SIGN_STYLE = Automatic;
				CURRENT_PROJECT_VERSION = 1;
				DEVELOPMENT_ASSET_PATHS = "\"iOSGame2048/Preview Content\"";
				DEVELOPMENT_TEAM = 274RF4F6D5;
				ENABLE_PREVIEWS = YES;
				GENERATE_INFOPLIST_FILE = YES;
				INFOPLIST_KEY_UIApplicationSceneManifest_Generation = YES;
				INFOPLIST_KEY_UIApplicationSupportsIndirectInputEvents = YES;
				INFOPLIST_KEY_UILaunchScreen_Generation = YES;
				INFOPLIST_KEY_UISupportedInterfaceOrientations_iPad = "UIInterfaceOrientationPortrait UIInterfaceOrientationPortraitUpsideDown UIInterfaceOrientationLandscapeLeft UIInterfaceOrientationLandscapeRight";
				INFOPLIST_KEY_UISupportedInterfaceOrientations_iPhone = "UIInterfaceOrientationPortrait UIInterfaceOrientationLandscapeLeft UIInterfaceOrientationLandscapeRight";
				IPHONEOS_DEPLOYMENT_TARGET = 16.1;
				LD_RUNPATH_SEARCH_PATHS = (
					"$(inherited)",
					"@executable_path/Frameworks",
				);
				MARKETING_VERSION = 1.0;
				PRODUCT_BUNDLE_IDENTIFIER = com.maxches99.iOSGame2048;
				PRODUCT_NAME = "$(TARGET_NAME)";
				SDKROOT = iphoneos;
				SWIFT_EMIT_LOC_STRINGS = YES;
				SWIFT_VERSION = 5.0;
				TARGETED_DEVICE_FAMILY = "1,2";
			};
			name = Debug;
		};
		49012B7529428B0400980404 /* Release */ = {
			isa = XCBuildConfiguration;
			buildSettings = {
				ASSETCATALOG_COMPILER_APPICON_NAME = AppIcon;
				ASSETCATALOG_COMPILER_GLOBAL_ACCENT_COLOR_NAME = AccentColor;
				CODE_SIGN_STYLE = Automatic;
				CURRENT_PROJECT_VERSION = 1;
				DEVELOPMENT_ASSET_PATHS = "\"iOSGame2048/Preview Content\"";
				DEVELOPMENT_TEAM = 274RF4F6D5;
				ENABLE_PREVIEWS = YES;
				GENERATE_INFOPLIST_FILE = YES;
				INFOPLIST_KEY_UIApplicationSceneManifest_Generation = YES;
				INFOPLIST_KEY_UIApplicationSupportsIndirectInputEvents = YES;
				INFOPLIST_KEY_UILaunchScreen_Generation = YES;
				INFOPLIST_KEY_UISupportedInterfaceOrientations_iPad = "UIInterfaceOrientationPortrait UIInterfaceOrientationPortraitUpsideDown UIInterfaceOrientationLandscapeLeft UIInterfaceOrientationLandscapeRight";
				INFOPLIST_KEY_UISupportedInterfaceOrientations_iPhone = "UIInterfaceOrientationPortrait UIInterfaceOrientationLandscapeLeft UIInterfaceOrientationLandscapeRight";
				IPHONEOS_DEPLOYMENT_TARGET = 16.1;
				LD_RUNPATH_SEARCH_PATHS = (
					"$(inherited)",
					"@executable_path/Frameworks",
				);
				MARKETING_VERSION = 1.0;
				PRODUCT_BUNDLE_IDENTIFIER = com.maxches99.iOSGame2048;
				PRODUCT_NAME = "$(TARGET_NAME)";
				SDKROOT = iphoneos;
				SWIFT_EMIT_LOC_STRINGS = YES;
				SWIFT_VERSION = 5.0;
				TARGETED_DEVICE_FAMILY = "1,2";
				VALIDATE_PRODUCT = YES;
			};
			name = Release;
		};
		49012B7729428B0400980404 /* Debug */ = {
			isa = XCBuildConfiguration;
			buildSettings = {
				ALWAYS_EMBED_SWIFT_STANDARD_LIBRARIES = YES;
				BUNDLE_LOADER = "$(TEST_HOST)";
				CODE_SIGN_STYLE = Automatic;
				CURRENT_PROJECT_VERSION = 1;
				DEVELOPMENT_TEAM = 274RF4F6D5;
				GENERATE_INFOPLIST_FILE = YES;
				IPHONEOS_DEPLOYMENT_TARGET = 16.1;
				MARKETING_VERSION = 1.0;
				PRODUCT_BUNDLE_IDENTIFIER = com.maxches99.iOSGame2048Tests;
				PRODUCT_NAME = "$(TARGET_NAME)";
				SDKROOT = iphoneos;
				SWIFT_EMIT_LOC_STRINGS = NO;
				SWIFT_VERSION = 5.0;
				TARGETED_DEVICE_FAMILY = "1,2";
				TEST_HOST = "$(BUILT_PRODUCTS_DIR)/iOSGame2048.app/$(BUNDLE_EXECUTABLE_FOLDER_PATH)/iOSGame2048";
			};
			name = Debug;
		};
		49012B7829428B0400980404 /* Release */ = {
			isa = XCBuildConfiguration;
			buildSettings = {
				ALWAYS_EMBED_SWIFT_STANDARD_LIBRARIES = YES;
				BUNDLE_LOADER = "$(TEST_HOST)";
				CODE_SIGN_STYLE = Automatic;
				CURRENT_PROJECT_VERSION = 1;
				DEVELOPMENT_TEAM = 274RF4F6D5;
				GENERATE_INFOPLIST_FILE = YES;
				IPHONEOS_DEPLOYMENT_TARGET = 16.1;
				MARKETING_VERSION = 1.0;
				PRODUCT_BUNDLE_IDENTIFIER = com.maxches99.iOSGame2048Tests;
				PRODUCT_NAME = "$(TARGET_NAME)";
				SDKROOT = iphoneos;
				SWIFT_EMIT_LOC_STRINGS = NO;
				SWIFT_VERSION = 5.0;
				TARGETED_DEVICE_FAMILY = "1,2";
				TEST_HOST = "$(BUILT_PRODUCTS_DIR)/iOSGame2048.app/$(BUNDLE_EXECUTABLE_FOLDER_PATH)/iOSGame2048";
				VALIDATE_PRODUCT = YES;
			};
			name = Release;
		};
		49012B7A29428B0400980404 /* Debug */ = {
			isa = XCBuildConfiguration;
			buildSettings = {
				ALWAYS_EMBED_SWIFT_STANDARD_LIBRARIES = YES;
				CODE_SIGN_STYLE = Automatic;
				CURRENT_PROJECT_VERSION = 1;
				DEVELOPMENT_TEAM = 274RF4F6D5;
				GENERATE_INFOPLIST_FILE = YES;
				IPHONEOS_DEPLOYMENT_TARGET = 16.1;
				MARKETING_VERSION = 1.0;
				PRODUCT_BUNDLE_IDENTIFIER = com.maxches99.iOSGame2048UITests;
				PRODUCT_NAME = "$(TARGET_NAME)";
				SDKROOT = iphoneos;
				SWIFT_EMIT_LOC_STRINGS = NO;
				SWIFT_VERSION = 5.0;
				TARGETED_DEVICE_FAMILY = "1,2";
				TEST_TARGET_NAME = iOSGame2048;
			};
			name = Debug;
		};
		49012B7B29428B0400980404 /* Release */ = {
			isa = XCBuildConfiguration;
			buildSettings = {
				ALWAYS_EMBED_SWIFT_STANDARD_LIBRARIES = YES;
				CODE_SIGN_STYLE = Automatic;
				CURRENT_PROJECT_VERSION = 1;
				DEVELOPMENT_TEAM = 274RF4F6D5;
				GENERATE_INFOPLIST_FILE = YES;
				IPHONEOS_DEPLOYMENT_TARGET = 16.1;
				MARKETING_VERSION = 1.0;
				PRODUCT_BUNDLE_IDENTIFIER = com.maxches99.iOSGame2048UITests;
				PRODUCT_NAME = "$(TARGET_NAME)";
				SDKROOT = iphoneos;
				SWIFT_EMIT_LOC_STRINGS = NO;
				SWIFT_VERSION = 5.0;
				TARGETED_DEVICE_FAMILY = "1,2";
				TEST_TARGET_NAME = iOSGame2048;
				VALIDATE_PRODUCT = YES;
			};
			name = Release;
		};
/* End XCBuildConfiguration section */

/* Begin XCConfigurationList section */
		49012AD42940F1D400980404 /* Build configuration list for PBXProject "AppleWatchGame" */ = {
			isa = XCConfigurationList;
			buildConfigurations = (
				49012AFB2940F1D500980404 /* Debug */,
				49012AFC2940F1D500980404 /* Release */,
			);
			defaultConfigurationIsVisible = 0;
			defaultConfigurationName = Release;
		};
		49012AFD2940F1D500980404 /* Build configuration list for PBXNativeTarget "AppleWatchGame Watch App" */ = {
			isa = XCConfigurationList;
			buildConfigurations = (
				49012AFE2940F1D500980404 /* Debug */,
				49012AFF2940F1D500980404 /* Release */,
			);
			defaultConfigurationIsVisible = 0;
			defaultConfigurationName = Release;
		};
		49012B002940F1D500980404 /* Build configuration list for PBXNativeTarget "AppleWatchGame Watch AppTests" */ = {
			isa = XCConfigurationList;
			buildConfigurations = (
				49012B012940F1D500980404 /* Debug */,
				49012B022940F1D500980404 /* Release */,
			);
			defaultConfigurationIsVisible = 0;
			defaultConfigurationName = Release;
		};
		49012B032940F1D500980404 /* Build configuration list for PBXNativeTarget "AppleWatchGame Watch AppUITests" */ = {
			isa = XCConfigurationList;
			buildConfigurations = (
				49012B042940F1D500980404 /* Debug */,
				49012B052940F1D500980404 /* Release */,
			);
			defaultConfigurationIsVisible = 0;
			defaultConfigurationName = Release;
		};
		49012B7329428B0400980404 /* Build configuration list for PBXNativeTarget "iOSGame2048" */ = {
			isa = XCConfigurationList;
			buildConfigurations = (
				49012B7429428B0400980404 /* Debug */,
				49012B7529428B0400980404 /* Release */,
			);
			defaultConfigurationIsVisible = 0;
			defaultConfigurationName = Release;
		};
		49012B7629428B0400980404 /* Build configuration list for PBXNativeTarget "iOSGame2048Tests" */ = {
			isa = XCConfigurationList;
			buildConfigurations = (
				49012B7729428B0400980404 /* Debug */,
				49012B7829428B0400980404 /* Release */,
			);
			defaultConfigurationIsVisible = 0;
			defaultConfigurationName = Release;
		};
		49012B7929428B0400980404 /* Build configuration list for PBXNativeTarget "iOSGame2048UITests" */ = {
			isa = XCConfigurationList;
			buildConfigurations = (
				49012B7A29428B0400980404 /* Debug */,
				49012B7B29428B0400980404 /* Release */,
			);
			defaultConfigurationIsVisible = 0;
			defaultConfigurationName = Release;
		};
/* End XCConfigurationList section */
	};
	rootObject = 49012AD12940F1D400980404 /* Project object */;
}
